
Microsoft Visual Studio Solution File, Format Version 12.00
# Visual Studio Version 16
VisualStudioVersion = 16.0.29403.142
MinimumVisualStudioVersion = 10.0.40219.1
Project("{FAE04EC0-301F-11D3-BF4B-00C04F79EFBC}") = "SpringChickens", "SpringChickens\SpringChickens.csproj", "{171C3AEE-0D33-4979-B970-B993D6F79EF7}"
EndProject
Global
	GlobalSection(SolutionConfigurationPlatforms) = preSolution
		Debug|Any CPU = Debug|Any CPU
		Release|Any CPU = Release|Any CPU
	EndGlobalSection
	GlobalSection(ProjectConfigurationPlatforms) = postSolution
		{171C3AEE-0D33-4979-B970-B993D6F79EF7}.Debug|Any CPU.ActiveCfg = Debug|Any CPU
		{171C3AEE-0D33-4979-B970-B993D6F79EF7}.Debug|Any CPU.Build.0 = Debug|Any CPU
		{171C3AEE-0D33-4979-B970-B993D6F79EF7}.Release|Any CPU.ActiveCfg = Release|Any CPU
		{171C3AEE-0D33-4979-B970-B993D6F79EF7}.Release|Any CPU.Build.0 = Release|Any CPU
	EndGlobalSection
	GlobalSection(SolutionProperties) = preSolution
		HideSolutionNode = FALSE
	EndGlobalSection
	GlobalSection(ExtensibilityGlobals) = postSolution
		SolutionGuid = {4AD779A8-F84F-447C-855F-93288E99CD24}
	EndGlobalSection
EndGlobal
