
Microsoft Visual Studio Solution File, Format Version 12.00
# Visual Studio Version 16
VisualStudioVersion = 16.0.29403.142
MinimumVisualStudioVersion = 10.0.40219.1
Project("{9A19103F-16F7-4668-BE54-9A1E7A4F7556}") = "SpringChickens", "SpringChickens\SpringChickens.csproj", "{171C3AEE-0D33-4979-B970-B993D6F79EF7}"
EndProject
Project("{FAE04EC0-301F-11D3-BF4B-00C04F79EFBC}") = "Interfaces", "Interfaces\Interfaces.csproj", "{47D5F9A4-A0ED-4394-B128-8047634B3904}"
EndProject
Project("{FAE04EC0-301F-11D3-BF4B-00C04F79EFBC}") = "Database", "Database\Database.csproj", "{646D1D65-2CDF-4C5B-8FAB-0B5CF28C5A32}"
EndProject
Global
	GlobalSection(SolutionConfigurationPlatforms) = preSolution
		Debug|Any CPU = Debug|Any CPU
		Release|Any CPU = Release|Any CPU
	EndGlobalSection
	GlobalSection(ProjectConfigurationPlatforms) = postSolution
		{171C3AEE-0D33-4979-B970-B993D6F79EF7}.Debug|Any CPU.ActiveCfg = Debug|Any CPU
		{171C3AEE-0D33-4979-B970-B993D6F79EF7}.Debug|Any CPU.Build.0 = Debug|Any CPU
		{171C3AEE-0D33-4979-B970-B993D6F79EF7}.Release|Any CPU.ActiveCfg = Release|Any CPU
		{171C3AEE-0D33-4979-B970-B993D6F79EF7}.Release|Any CPU.Build.0 = Release|Any CPU
		{47D5F9A4-A0ED-4394-B128-8047634B3904}.Debug|Any CPU.ActiveCfg = Debug|Any CPU
		{47D5F9A4-A0ED-4394-B128-8047634B3904}.Debug|Any CPU.Build.0 = Debug|Any CPU
		{47D5F9A4-A0ED-4394-B128-8047634B3904}.Release|Any CPU.ActiveCfg = Release|Any CPU
		{47D5F9A4-A0ED-4394-B128-8047634B3904}.Release|Any CPU.Build.0 = Release|Any CPU
		{646D1D65-2CDF-4C5B-8FAB-0B5CF28C5A32}.Debug|Any CPU.ActiveCfg = Debug|Any CPU
		{646D1D65-2CDF-4C5B-8FAB-0B5CF28C5A32}.Debug|Any CPU.Build.0 = Debug|Any CPU
		{646D1D65-2CDF-4C5B-8FAB-0B5CF28C5A32}.Release|Any CPU.ActiveCfg = Release|Any CPU
		{646D1D65-2CDF-4C5B-8FAB-0B5CF28C5A32}.Release|Any CPU.Build.0 = Release|Any CPU
	EndGlobalSection
	GlobalSection(SolutionProperties) = preSolution
		HideSolutionNode = FALSE
	EndGlobalSection
	GlobalSection(ExtensibilityGlobals) = postSolution
		SolutionGuid = {4AD779A8-F84F-447C-855F-93288E99CD24}
	EndGlobalSection
EndGlobal
